// !$*UTF8*$!
{
	archiveVersion = 1;
	classes = {
	};
	objectVersion = 56;
	objects = {

/* Begin PBXBuildFile section */
		9A51F18D2A449B5500FB6CA6 /* ImageModel.swift in Sources */ = {isa = PBXBuildFile; fileRef = 9A51F18C2A449B5500FB6CA6 /* ImageModel.swift */; };
		9A6DC81F2A2CD70300A554E3 /* AppDelegate.swift in Sources */ = {isa = PBXBuildFile; fileRef = 9A6DC81E2A2CD70300A554E3 /* AppDelegate.swift */; };
		9A6DC8212A2CD70300A554E3 /* SceneDelegate.swift in Sources */ = {isa = PBXBuildFile; fileRef = 9A6DC8202A2CD70300A554E3 /* SceneDelegate.swift */; };
		9A6DC8232A2CD70300A554E3 /* StartMenuViewController.swift in Sources */ = {isa = PBXBuildFile; fileRef = 9A6DC8222A2CD70300A554E3 /* StartMenuViewController.swift */; };
		9A6DC8262A2CD70300A554E3 /* Main.storyboard in Resources */ = {isa = PBXBuildFile; fileRef = 9A6DC8242A2CD70300A554E3 /* Main.storyboard */; };
		9A6DC8282A2CD70500A554E3 /* Assets.xcassets in Resources */ = {isa = PBXBuildFile; fileRef = 9A6DC8272A2CD70500A554E3 /* Assets.xcassets */; };
		9A6DC82B2A2CD70500A554E3 /* LaunchScreen.storyboard in Resources */ = {isa = PBXBuildFile; fileRef = 9A6DC8292A2CD70500A554E3 /* LaunchScreen.storyboard */; };
		9A6DC8372A2D33EA00A554E3 /* ScanResultViewController.swift in Sources */ = {isa = PBXBuildFile; fileRef = 9A6DC8362A2D33EA00A554E3 /* ScanResultViewController.swift */; };
		9A94CC702A4632E300EA5676 /* StartMenuPresenter.swift in Sources */ = {isa = PBXBuildFile; fileRef = 9A94CC6F2A4632E300EA5676 /* StartMenuPresenter.swift */; };
		9A94CC722A4632FF00EA5676 /* ScanResultPresenter.swift in Sources */ = {isa = PBXBuildFile; fileRef = 9A94CC712A4632FF00EA5676 /* ScanResultPresenter.swift */; };
		9A94CC742A46330F00EA5676 /* AssemblyBuilderProtocol.swift in Sources */ = {isa = PBXBuildFile; fileRef = 9A94CC732A46330F00EA5676 /* AssemblyBuilderProtocol.swift */; };
		9A94CC762A46332500EA5676 /* Router.swift in Sources */ = {isa = PBXBuildFile; fileRef = 9A94CC752A46332500EA5676 /* Router.swift */; };
		9AA1289C2A311BFE0070F6AC /* Constants.swift in Sources */ = {isa = PBXBuildFile; fileRef = 9AA1289B2A311BFE0070F6AC /* Constants.swift */; };
/* End PBXBuildFile section */

/* Begin PBXFileReference section */
		9A51F18C2A449B5500FB6CA6 /* ImageModel.swift */ = {isa = PBXFileReference; lastKnownFileType = sourcecode.swift; path = ImageModel.swift; sourceTree = "<group>"; };
		9A6DC81B2A2CD70300A554E3 /* TextVision.app */ = {isa = PBXFileReference; explicitFileType = wrapper.application; includeInIndex = 0; path = TextVision.app; sourceTree = BUILT_PRODUCTS_DIR; };
		9A6DC81E2A2CD70300A554E3 /* AppDelegate.swift */ = {isa = PBXFileReference; lastKnownFileType = sourcecode.swift; path = AppDelegate.swift; sourceTree = "<group>"; };
		9A6DC8202A2CD70300A554E3 /* SceneDelegate.swift */ = {isa = PBXFileReference; lastKnownFileType = sourcecode.swift; path = SceneDelegate.swift; sourceTree = "<group>"; };
		9A6DC8222A2CD70300A554E3 /* StartMenuViewController.swift */ = {isa = PBXFileReference; lastKnownFileType = sourcecode.swift; path = StartMenuViewController.swift; sourceTree = "<group>"; };
		9A6DC8252A2CD70300A554E3 /* Base */ = {isa = PBXFileReference; lastKnownFileType = file.storyboard; name = Base; path = Base.lproj/Main.storyboard; sourceTree = "<group>"; };
		9A6DC8272A2CD70500A554E3 /* Assets.xcassets */ = {isa = PBXFileReference; lastKnownFileType = folder.assetcatalog; path = Assets.xcassets; sourceTree = "<group>"; };
		9A6DC82A2A2CD70500A554E3 /* Base */ = {isa = PBXFileReference; lastKnownFileType = file.storyboard; name = Base; path = Base.lproj/LaunchScreen.storyboard; sourceTree = "<group>"; };
		9A6DC82C2A2CD70500A554E3 /* Info.plist */ = {isa = PBXFileReference; lastKnownFileType = text.plist.xml; path = Info.plist; sourceTree = "<group>"; };
		9A6DC8362A2D33EA00A554E3 /* ScanResultViewController.swift */ = {isa = PBXFileReference; lastKnownFileType = sourcecode.swift; path = ScanResultViewController.swift; sourceTree = "<group>"; };
		9A94CC6F2A4632E300EA5676 /* StartMenuPresenter.swift */ = {isa = PBXFileReference; lastKnownFileType = sourcecode.swift; path = StartMenuPresenter.swift; sourceTree = "<group>"; };
		9A94CC712A4632FF00EA5676 /* ScanResultPresenter.swift */ = {isa = PBXFileReference; lastKnownFileType = sourcecode.swift; path = ScanResultPresenter.swift; sourceTree = "<group>"; };
		9A94CC732A46330F00EA5676 /* AssemblyBuilderProtocol.swift */ = {isa = PBXFileReference; lastKnownFileType = sourcecode.swift; path = AssemblyBuilderProtocol.swift; sourceTree = "<group>"; };
		9A94CC752A46332500EA5676 /* Router.swift */ = {isa = PBXFileReference; lastKnownFileType = sourcecode.swift; path = Router.swift; sourceTree = "<group>"; };
		9AA1289B2A311BFE0070F6AC /* Constants.swift */ = {isa = PBXFileReference; lastKnownFileType = sourcecode.swift; path = Constants.swift; sourceTree = "<group>"; };
/* End PBXFileReference section */

/* Begin PBXFrameworksBuildPhase section */
		9A6DC8182A2CD70300A554E3 /* Frameworks */ = {
			isa = PBXFrameworksBuildPhase;
			buildActionMask = 2147483647;
			files = (
			);
			runOnlyForDeploymentPostprocessing = 0;
		};
/* End PBXFrameworksBuildPhase section */

/* Begin PBXGroup section */
		9A6DC8122A2CD70300A554E3 = {
			isa = PBXGroup;
			children = (
				9A6DC81D2A2CD70300A554E3 /* TextVision */,
				9A6DC81C2A2CD70300A554E3 /* Products */,
			);
			sourceTree = "<group>";
		};
		9A6DC81C2A2CD70300A554E3 /* Products */ = {
			isa = PBXGroup;
			children = (
				9A6DC81B2A2CD70300A554E3 /* TextVision.app */,
			);
			name = Products;
			sourceTree = "<group>";
		};
		9A6DC81D2A2CD70300A554E3 /* TextVision */ = {
			isa = PBXGroup;
			children = (
				9A6DC8352A2CD79900A554E3 /* App&SceneDelegate */,
				9A7235562A474B17002011F8 /* Router */,
				9A7235572A474B25002011F8 /* AssebmlyModelBuilder */,
				9A793E592A4774EC00E372C5 /* Storyboard */,
				9AA128952A30E2C50070F6AC /* Model */,
				9A7235582A474C8A002011F8 /* StartMenuModule */,
				9A7235592A474C95002011F8 /* ScanResultModule */,
				9A6DC8342A2CD78200A554E3 /* SupportingFiles */,
				9A6DC82C2A2CD70500A554E3 /* Info.plist */,
			);
			path = TextVision;
			sourceTree = "<group>";
		};
		9A6DC8342A2CD78200A554E3 /* SupportingFiles */ = {
			isa = PBXGroup;
			children = (
				9A6DC8292A2CD70500A554E3 /* LaunchScreen.storyboard */,
				9A6DC8272A2CD70500A554E3 /* Assets.xcassets */,
				9AA1289B2A311BFE0070F6AC /* Constants.swift */,
			);
			path = SupportingFiles;
			sourceTree = "<group>";
		};
		9A6DC8352A2CD79900A554E3 /* App&SceneDelegate */ = {
			isa = PBXGroup;
			children = (
				9A6DC81E2A2CD70300A554E3 /* AppDelegate.swift */,
				9A6DC8202A2CD70300A554E3 /* SceneDelegate.swift */,
			);
			path = "App&SceneDelegate";
			sourceTree = "<group>";
		};
		9A7235562A474B17002011F8 /* Router */ = {
			isa = PBXGroup;
			children = (
				9A94CC752A46332500EA5676 /* Router.swift */,
			);
			path = Router;
			sourceTree = "<group>";
		};
		9A7235572A474B25002011F8 /* AssebmlyModelBuilder */ = {
			isa = PBXGroup;
			children = (
				9A94CC732A46330F00EA5676 /* AssemblyBuilderProtocol.swift */,
			);
			path = AssebmlyModelBuilder;
			sourceTree = "<group>";
		};
		9A7235582A474C8A002011F8 /* StartMenuModule */ = {
			isa = PBXGroup;
			children = (
				9A72355A2A474CB4002011F8 /* View */,
				9A72355B2A474CCF002011F8 /* Presenter */,
			);
			path = StartMenuModule;
			sourceTree = "<group>";
		};
		9A7235592A474C95002011F8 /* ScanResultModule */ = {
			isa = PBXGroup;
			children = (
				9A72355D2A474D01002011F8 /* View */,
				9A72355E2A474D07002011F8 /* Presenter */,
			);
			path = ScanResultModule;
			sourceTree = "<group>";
		};
		9A72355A2A474CB4002011F8 /* View */ = {
			isa = PBXGroup;
			children = (
				9A6DC8222A2CD70300A554E3 /* StartMenuViewController.swift */,
			);
			path = View;
			sourceTree = "<group>";
		};
		9A72355B2A474CCF002011F8 /* Presenter */ = {
			isa = PBXGroup;
			children = (
				9A94CC6F2A4632E300EA5676 /* StartMenuPresenter.swift */,
			);
			path = Presenter;
			sourceTree = "<group>";
		};
		9A72355D2A474D01002011F8 /* View */ = {
			isa = PBXGroup;
			children = (
				9A6DC8362A2D33EA00A554E3 /* ScanResultViewController.swift */,
			);
			path = View;
			sourceTree = "<group>";
		};
		9A72355E2A474D07002011F8 /* Presenter */ = {
			isa = PBXGroup;
			children = (
				9A94CC712A4632FF00EA5676 /* ScanResultPresenter.swift */,
			);
			path = Presenter;
			sourceTree = "<group>";
		};
		9A793E592A4774EC00E372C5 /* Storyboard */ = {
			isa = PBXGroup;
			children = (
				9A6DC8242A2CD70300A554E3 /* Main.storyboard */,
			);
			path = Storyboard;
			sourceTree = "<group>";
		};
		9AA128952A30E2C50070F6AC /* Model */ = {
			isa = PBXGroup;
			children = (
				9A51F18C2A449B5500FB6CA6 /* ImageModel.swift */,
			);
			path = Model;
			sourceTree = "<group>";
		};
/* End PBXGroup section */

/* Begin PBXNativeTarget section */
		9A6DC81A2A2CD70300A554E3 /* TextVision */ = {
			isa = PBXNativeTarget;
			buildConfigurationList = 9A6DC82F2A2CD70500A554E3 /* Build configuration list for PBXNativeTarget "TextVision" */;
			buildPhases = (
				9A6DC8172A2CD70300A554E3 /* Sources */,
				9A6DC8182A2CD70300A554E3 /* Frameworks */,
				9A6DC8192A2CD70300A554E3 /* Resources */,
			);
			buildRules = (
			);
			dependencies = (
			);
			name = TextVision;
			productName = TextVision;
			productReference = 9A6DC81B2A2CD70300A554E3 /* TextVision.app */;
			productType = "com.apple.product-type.application";
		};
/* End PBXNativeTarget section */

/* Begin PBXProject section */
		9A6DC8132A2CD70300A554E3 /* Project object */ = {
			isa = PBXProject;
			attributes = {
				BuildIndependentTargetsInParallel = 1;
				LastSwiftUpdateCheck = 1400;
				LastUpgradeCheck = 1400;
				TargetAttributes = {
					9A6DC81A2A2CD70300A554E3 = {
						CreatedOnToolsVersion = 14.0.1;
					};
				};
			};
			buildConfigurationList = 9A6DC8162A2CD70300A554E3 /* Build configuration list for PBXProject "TextVision" */;
			compatibilityVersion = "Xcode 14.0";
			developmentRegion = en;
			hasScannedForEncodings = 0;
			knownRegions = (
				en,
				Base,
			);
			mainGroup = 9A6DC8122A2CD70300A554E3;
			productRefGroup = 9A6DC81C2A2CD70300A554E3 /* Products */;
			projectDirPath = "";
			projectRoot = "";
			targets = (
				9A6DC81A2A2CD70300A554E3 /* TextVision */,
			);
		};
/* End PBXProject section */

/* Begin PBXResourcesBuildPhase section */
		9A6DC8192A2CD70300A554E3 /* Resources */ = {
			isa = PBXResourcesBuildPhase;
			buildActionMask = 2147483647;
			files = (
				9A6DC82B2A2CD70500A554E3 /* LaunchScreen.storyboard in Resources */,
				9A6DC8282A2CD70500A554E3 /* Assets.xcassets in Resources */,
				9A6DC8262A2CD70300A554E3 /* Main.storyboard in Resources */,
			);
			runOnlyForDeploymentPostprocessing = 0;
		};
/* End PBXResourcesBuildPhase section */

/* Begin PBXSourcesBuildPhase section */
		9A6DC8172A2CD70300A554E3 /* Sources */ = {
			isa = PBXSourcesBuildPhase;
			buildActionMask = 2147483647;
			files = (
				9A94CC722A4632FF00EA5676 /* ScanResultPresenter.swift in Sources */,
				9A6DC8232A2CD70300A554E3 /* StartMenuViewController.swift in Sources */,
				9A94CC762A46332500EA5676 /* Router.swift in Sources */,
				9A94CC702A4632E300EA5676 /* StartMenuPresenter.swift in Sources */,
				9A94CC742A46330F00EA5676 /* AssemblyBuilderProtocol.swift in Sources */,
				9A51F18D2A449B5500FB6CA6 /* ImageModel.swift in Sources */,
				9A6DC81F2A2CD70300A554E3 /* AppDelegate.swift in Sources */,
				9A6DC8212A2CD70300A554E3 /* SceneDelegate.swift in Sources */,
				9AA1289C2A311BFE0070F6AC /* Constants.swift in Sources */,
				9A6DC8372A2D33EA00A554E3 /* ScanResultViewController.swift in Sources */,
			);
			runOnlyForDeploymentPostprocessing = 0;
		};
/* End PBXSourcesBuildPhase section */

/* Begin PBXVariantGroup section */
		9A6DC8242A2CD70300A554E3 /* Main.storyboard */ = {
			isa = PBXVariantGroup;
			children = (
				9A6DC8252A2CD70300A554E3 /* Base */,
			);
			name = Main.storyboard;
			sourceTree = "<group>";
		};
		9A6DC8292A2CD70500A554E3 /* LaunchScreen.storyboard */ = {
			isa = PBXVariantGroup;
			children = (
				9A6DC82A2A2CD70500A554E3 /* Base */,
			);
			name = LaunchScreen.storyboard;
			sourceTree = "<group>";
		};
/* End PBXVariantGroup section */

/* Begin XCBuildConfiguration section */
		9A6DC82D2A2CD70500A554E3 /* Debug */ = {
			isa = XCBuildConfiguration;
			buildSettings = {
				ALWAYS_SEARCH_USER_PATHS = NO;
				CLANG_ANALYZER_NONNULL = YES;
				CLANG_ANALYZER_NUMBER_OBJECT_CONVERSION = YES_AGGRESSIVE;
				CLANG_CXX_LANGUAGE_STANDARD = "gnu++20";
				CLANG_ENABLE_MODULES = YES;
				CLANG_ENABLE_OBJC_ARC = YES;
				CLANG_ENABLE_OBJC_WEAK = YES;
				CLANG_WARN_BLOCK_CAPTURE_AUTORELEASING = YES;
				CLANG_WARN_BOOL_CONVERSION = YES;
				CLANG_WARN_COMMA = YES;
				CLANG_WARN_CONSTANT_CONVERSION = YES;
				CLANG_WARN_DEPRECATED_OBJC_IMPLEMENTATIONS = YES;
				CLANG_WARN_DIRECT_OBJC_ISA_USAGE = YES_ERROR;
				CLANG_WARN_DOCUMENTATION_COMMENTS = YES;
				CLANG_WARN_EMPTY_BODY = YES;
				CLANG_WARN_ENUM_CONVERSION = YES;
				CLANG_WARN_INFINITE_RECURSION = YES;
				CLANG_WARN_INT_CONVERSION = YES;
				CLANG_WARN_NON_LITERAL_NULL_CONVERSION = YES;
				CLANG_WARN_OBJC_IMPLICIT_RETAIN_SELF = YES;
				CLANG_WARN_OBJC_LITERAL_CONVERSION = YES;
				CLANG_WARN_OBJC_ROOT_CLASS = YES_ERROR;
				CLANG_WARN_QUOTED_INCLUDE_IN_FRAMEWORK_HEADER = YES;
				CLANG_WARN_RANGE_LOOP_ANALYSIS = YES;
				CLANG_WARN_STRICT_PROTOTYPES = YES;
				CLANG_WARN_SUSPICIOUS_MOVE = YES;
				CLANG_WARN_UNGUARDED_AVAILABILITY = YES_AGGRESSIVE;
				CLANG_WARN_UNREACHABLE_CODE = YES;
				CLANG_WARN__DUPLICATE_METHOD_MATCH = YES;
				COPY_PHASE_STRIP = NO;
				DEBUG_INFORMATION_FORMAT = dwarf;
				ENABLE_STRICT_OBJC_MSGSEND = YES;
				ENABLE_TESTABILITY = YES;
				GCC_C_LANGUAGE_STANDARD = gnu11;
				GCC_DYNAMIC_NO_PIC = NO;
				GCC_NO_COMMON_BLOCKS = YES;
				GCC_OPTIMIZATION_LEVEL = 0;
				GCC_PREPROCESSOR_DEFINITIONS = (
					"DEBUG=1",
					"$(inherited)",
				);
				GCC_WARN_64_TO_32_BIT_CONVERSION = YES;
				GCC_WARN_ABOUT_RETURN_TYPE = YES_ERROR;
				GCC_WARN_UNDECLARED_SELECTOR = YES;
				GCC_WARN_UNINITIALIZED_AUTOS = YES_AGGRESSIVE;
				GCC_WARN_UNUSED_FUNCTION = YES;
				GCC_WARN_UNUSED_VARIABLE = YES;
				IPHONEOS_DEPLOYMENT_TARGET = 16.0;
				MTL_ENABLE_DEBUG_INFO = INCLUDE_SOURCE;
				MTL_FAST_MATH = YES;
				ONLY_ACTIVE_ARCH = YES;
				SDKROOT = iphoneos;
				SWIFT_ACTIVE_COMPILATION_CONDITIONS = DEBUG;
				SWIFT_OPTIMIZATION_LEVEL = "-Onone";
			};
			name = Debug;
		};
		9A6DC82E2A2CD70500A554E3 /* Release */ = {
			isa = XCBuildConfiguration;
			buildSettings = {
				ALWAYS_SEARCH_USER_PATHS = NO;
				CLANG_ANALYZER_NONNULL = YES;
				CLANG_ANALYZER_NUMBER_OBJECT_CONVERSION = YES_AGGRESSIVE;
				CLANG_CXX_LANGUAGE_STANDARD = "gnu++20";
				CLANG_ENABLE_MODULES = YES;
				CLANG_ENABLE_OBJC_ARC = YES;
				CLANG_ENABLE_OBJC_WEAK = YES;
				CLANG_WARN_BLOCK_CAPTURE_AUTORELEASING = YES;
				CLANG_WARN_BOOL_CONVERSION = YES;
				CLANG_WARN_COMMA = YES;
				CLANG_WARN_CONSTANT_CONVERSION = YES;
				CLANG_WARN_DEPRECATED_OBJC_IMPLEMENTATIONS = YES;
				CLANG_WARN_DIRECT_OBJC_ISA_USAGE = YES_ERROR;
				CLANG_WARN_DOCUMENTATION_COMMENTS = YES;
				CLANG_WARN_EMPTY_BODY = YES;
				CLANG_WARN_ENUM_CONVERSION = YES;
				CLANG_WARN_INFINITE_RECURSION = YES;
				CLANG_WARN_INT_CONVERSION = YES;
				CLANG_WARN_NON_LITERAL_NULL_CONVERSION = YES;
				CLANG_WARN_OBJC_IMPLICIT_RETAIN_SELF = YES;
				CLANG_WARN_OBJC_LITERAL_CONVERSION = YES;
				CLANG_WARN_OBJC_ROOT_CLASS = YES_ERROR;
				CLANG_WARN_QUOTED_INCLUDE_IN_FRAMEWORK_HEADER = YES;
				CLANG_WARN_RANGE_LOOP_ANALYSIS = YES;
				CLANG_WARN_STRICT_PROTOTYPES = YES;
				CLANG_WARN_SUSPICIOUS_MOVE = YES;
				CLANG_WARN_UNGUARDED_AVAILABILITY = YES_AGGRESSIVE;
				CLANG_WARN_UNREACHABLE_CODE = YES;
				CLANG_WARN__DUPLICATE_METHOD_MATCH = YES;
				COPY_PHASE_STRIP = NO;
				DEBUG_INFORMATION_FORMAT = "dwarf-with-dsym";
				ENABLE_NS_ASSERTIONS = NO;
				ENABLE_STRICT_OBJC_MSGSEND = YES;
				GCC_C_LANGUAGE_STANDARD = gnu11;
				GCC_NO_COMMON_BLOCKS = YES;
				GCC_WARN_64_TO_32_BIT_CONVERSION = YES;
				GCC_WARN_ABOUT_RETURN_TYPE = YES_ERROR;
				GCC_WARN_UNDECLARED_SELECTOR = YES;
				GCC_WARN_UNINITIALIZED_AUTOS = YES_AGGRESSIVE;
				GCC_WARN_UNUSED_FUNCTION = YES;
				GCC_WARN_UNUSED_VARIABLE = YES;
				IPHONEOS_DEPLOYMENT_TARGET = 16.0;
				MTL_ENABLE_DEBUG_INFO = NO;
				MTL_FAST_MATH = YES;
				SDKROOT = iphoneos;
				SWIFT_COMPILATION_MODE = wholemodule;
				SWIFT_OPTIMIZATION_LEVEL = "-O";
				VALIDATE_PRODUCT = YES;
			};
			name = Release;
		};
		9A6DC8302A2CD70500A554E3 /* Debug */ = {
			isa = XCBuildConfiguration;
			buildSettings = {
				ASSETCATALOG_COMPILER_APPICON_NAME = AppIcon;
				ASSETCATALOG_COMPILER_GLOBAL_ACCENT_COLOR_NAME = AccentColor;
				CODE_SIGN_STYLE = Automatic;
				CURRENT_PROJECT_VERSION = 1;
				DEVELOPMENT_TEAM = 9A2Y9UTZLK;
				GENERATE_INFOPLIST_FILE = YES;
				INFOPLIST_FILE = TextVision/Info.plist;
				INFOPLIST_KEY_NSCameraUsageDescription = "This application requires access to the camera.";
				INFOPLIST_KEY_NSPhotoLibraryUsageDescription = "This app requires access to the photo library.";
				INFOPLIST_KEY_UIApplicationSupportsIndirectInputEvents = YES;
				INFOPLIST_KEY_UILaunchStoryboardName = LaunchScreen;
				INFOPLIST_KEY_UIMainStoryboardFile = Main;
				INFOPLIST_KEY_UISupportedInterfaceOrientations_iPad = "UIInterfaceOrientationPortrait UIInterfaceOrientationPortraitUpsideDown UIInterfaceOrientationLandscapeLeft UIInterfaceOrientationLandscapeRight";
				INFOPLIST_KEY_UISupportedInterfaceOrientations_iPhone = "UIInterfaceOrientationPortrait UIInterfaceOrientationLandscapeLeft UIInterfaceOrientationLandscapeRight";
				LD_RUNPATH_SEARCH_PATHS = (
					"$(inherited)",
					"@executable_path/Frameworks",
				);
				MARKETING_VERSION = 1.0;
				PRODUCT_BUNDLE_IDENTIFIER = com.niestierov.TextVision;
				PRODUCT_NAME = "$(TARGET_NAME)";
				SWIFT_EMIT_LOC_STRINGS = YES;
				SWIFT_VERSION = 5.0;
				TARGETED_DEVICE_FAMILY = "1,2";
			};
			name = Debug;
		};
		9A6DC8312A2CD70500A554E3 /* Release */ = {
			isa = XCBuildConfiguration;
			buildSettings = {
				ASSETCATALOG_COMPILER_APPICON_NAME = AppIcon;
				ASSETCATALOG_COMPILER_GLOBAL_ACCENT_COLOR_NAME = AccentColor;
				CODE_SIGN_STYLE = Automatic;
				CURRENT_PROJECT_VERSION = 1;
				DEVELOPMENT_TEAM = 9A2Y9UTZLK;
				GENERATE_INFOPLIST_FILE = YES;
				INFOPLIST_FILE = TextVision/Info.plist;
				INFOPLIST_KEY_NSCameraUsageDescription = "This application requires access to the camera.";
				INFOPLIST_KEY_NSPhotoLibraryUsageDescription = "This app requires access to the photo library.";
				INFOPLIST_KEY_UIApplicationSupportsIndirectInputEvents = YES;
				INFOPLIST_KEY_UILaunchStoryboardName = LaunchScreen;
				INFOPLIST_KEY_UIMainStoryboardFile = Main;
				INFOPLIST_KEY_UISupportedInterfaceOrientations_iPad = "UIInterfaceOrientationPortrait UIInterfaceOrientationPortraitUpsideDown UIInterfaceOrientationLandscapeLeft UIInterfaceOrientationLandscapeRight";
				INFOPLIST_KEY_UISupportedInterfaceOrientations_iPhone = "UIInterfaceOrientationPortrait UIInterfaceOrientationLandscapeLeft UIInterfaceOrientationLandscapeRight";
				LD_RUNPATH_SEARCH_PATHS = (
					"$(inherited)",
					"@executable_path/Frameworks",
				);
				MARKETING_VERSION = 1.0;
				PRODUCT_BUNDLE_IDENTIFIER = com.niestierov.TextVision;
				PRODUCT_NAME = "$(TARGET_NAME)";
				SWIFT_EMIT_LOC_STRINGS = YES;
				SWIFT_VERSION = 5.0;
				TARGETED_DEVICE_FAMILY = "1,2";
			};
			name = Release;
		};
/* End XCBuildConfiguration section */

/* Begin XCConfigurationList section */
		9A6DC8162A2CD70300A554E3 /* Build configuration list for PBXProject "TextVision" */ = {
			isa = XCConfigurationList;
			buildConfigurations = (
				9A6DC82D2A2CD70500A554E3 /* Debug */,
				9A6DC82E2A2CD70500A554E3 /* Release */,
			);
			defaultConfigurationIsVisible = 0;
			defaultConfigurationName = Release;
		};
		9A6DC82F2A2CD70500A554E3 /* Build configuration list for PBXNativeTarget "TextVision" */ = {
			isa = XCConfigurationList;
			buildConfigurations = (
				9A6DC8302A2CD70500A554E3 /* Debug */,
				9A6DC8312A2CD70500A554E3 /* Release */,
			);
			defaultConfigurationIsVisible = 0;
			defaultConfigurationName = Release;
		};
/* End XCConfigurationList section */
	};
	rootObject = 9A6DC8132A2CD70300A554E3 /* Project object */;
}
